
Microsoft Visual Studio Solution File, Format Version 12.00
# Visual Studio 15
VisualStudioVersion = 15.0.26124.0
MinimumVisualStudioVersion = 15.0.26124.0
Project("{FAE04EC0-301F-11D3-BF4B-00C04F79EFBC}") = "MancalaEngineLib", "MancalaEngineLib\MancalaEngineLib.csproj", "{5A637120-1830-4BC5-9765-4424B61C480A}"
EndProject
Project("{FAE04EC0-301F-11D3-BF4B-00C04F79EFBC}") = "MancalaEngine.Tests", "MancalaEngine.Tests\MancalaEngine.Tests.csproj", "{4C597F97-C969-4ED3-89C7-BB074735723D}"
EndProject
Global
	GlobalSection(SolutionConfigurationPlatforms) = preSolution
		Debug|Any CPU = Debug|Any CPU
		Debug|x64 = Debug|x64
		Debug|x86 = Debug|x86
		Release|Any CPU = Release|Any CPU
		Release|x64 = Release|x64
		Release|x86 = Release|x86
	EndGlobalSection
	GlobalSection(SolutionProperties) = preSolution
		HideSolutionNode = FALSE
	EndGlobalSection
	GlobalSection(ProjectConfigurationPlatforms) = postSolution
		{5A637120-1830-4BC5-9765-4424B61C480A}.Debug|Any CPU.ActiveCfg = Debug|Any CPU
		{5A637120-1830-4BC5-9765-4424B61C480A}.Debug|Any CPU.Build.0 = Debug|Any CPU
		{5A637120-1830-4BC5-9765-4424B61C480A}.Debug|x64.ActiveCfg = Debug|Any CPU
		{5A637120-1830-4BC5-9765-4424B61C480A}.Debug|x64.Build.0 = Debug|Any CPU
		{5A637120-1830-4BC5-9765-4424B61C480A}.Debug|x86.ActiveCfg = Debug|Any CPU
		{5A637120-1830-4BC5-9765-4424B61C480A}.Debug|x86.Build.0 = Debug|Any CPU
		{5A637120-1830-4BC5-9765-4424B61C480A}.Release|Any CPU.ActiveCfg = Release|Any CPU
		{5A637120-1830-4BC5-9765-4424B61C480A}.Release|Any CPU.Build.0 = Release|Any CPU
		{5A637120-1830-4BC5-9765-4424B61C480A}.Release|x64.ActiveCfg = Release|Any CPU
		{5A637120-1830-4BC5-9765-4424B61C480A}.Release|x64.Build.0 = Release|Any CPU
		{5A637120-1830-4BC5-9765-4424B61C480A}.Release|x86.ActiveCfg = Release|Any CPU
		{5A637120-1830-4BC5-9765-4424B61C480A}.Release|x86.Build.0 = Release|Any CPU
		{4C597F97-C969-4ED3-89C7-BB074735723D}.Debug|Any CPU.ActiveCfg = Debug|Any CPU
		{4C597F97-C969-4ED3-89C7-BB074735723D}.Debug|Any CPU.Build.0 = Debug|Any CPU
		{4C597F97-C969-4ED3-89C7-BB074735723D}.Debug|x64.ActiveCfg = Debug|Any CPU
		{4C597F97-C969-4ED3-89C7-BB074735723D}.Debug|x64.Build.0 = Debug|Any CPU
		{4C597F97-C969-4ED3-89C7-BB074735723D}.Debug|x86.ActiveCfg = Debug|Any CPU
		{4C597F97-C969-4ED3-89C7-BB074735723D}.Debug|x86.Build.0 = Debug|Any CPU
		{4C597F97-C969-4ED3-89C7-BB074735723D}.Release|Any CPU.ActiveCfg = Release|Any CPU
		{4C597F97-C969-4ED3-89C7-BB074735723D}.Release|Any CPU.Build.0 = Release|Any CPU
		{4C597F97-C969-4ED3-89C7-BB074735723D}.Release|x64.ActiveCfg = Release|Any CPU
		{4C597F97-C969-4ED3-89C7-BB074735723D}.Release|x64.Build.0 = Release|Any CPU
		{4C597F97-C969-4ED3-89C7-BB074735723D}.Release|x86.ActiveCfg = Release|Any CPU
		{4C597F97-C969-4ED3-89C7-BB074735723D}.Release|x86.Build.0 = Release|Any CPU
	EndGlobalSection
EndGlobal
